
Microsoft Visual Studio Solution File, Format Version 12.00
# Visual Studio 14
VisualStudioVersion = 14.0.25420.1
MinimumVisualStudioVersion = 10.0.40219.1
Project("{FAE04EC0-301F-11D3-BF4B-00C04F79EFBC}") = "BikeSharing.Clients.Core", "src\BikeSharing.Clients.Core\BikeSharing.Clients.Core.csproj", "{89C9B6F2-1CD6-4A98-9CCC-EEFB7DDBF6FA}"
EndProject
Project("{FAE04EC0-301F-11D3-BF4B-00C04F79EFBC}") = "BikeSharing.Clients.Droid", "src\BikeSharing.Clients.Droid\BikeSharing.Clients.Droid.csproj", "{4D43F515-19A1-4132-9360-96EA3607374F}"
EndProject
Global
	GlobalSection(SolutionConfigurationPlatforms) = preSolution
		Debug|Any CPU = Debug|Any CPU
		Debug|ARM = Debug|ARM
		Debug|x64 = Debug|x64
		Debug|x86 = Debug|x86
		Release|Any CPU = Release|Any CPU
		Release|ARM = Release|ARM
		Release|x64 = Release|x64
		Release|x86 = Release|x86
	EndGlobalSection
	GlobalSection(ProjectConfigurationPlatforms) = postSolution
		{89C9B6F2-1CD6-4A98-9CCC-EEFB7DDBF6FA}.Debug|Any CPU.ActiveCfg = Debug|Any CPU
		{89C9B6F2-1CD6-4A98-9CCC-EEFB7DDBF6FA}.Debug|Any CPU.Build.0 = Debug|Any CPU
		{89C9B6F2-1CD6-4A98-9CCC-EEFB7DDBF6FA}.Debug|ARM.ActiveCfg = Debug|Any CPU
		{89C9B6F2-1CD6-4A98-9CCC-EEFB7DDBF6FA}.Debug|ARM.Build.0 = Debug|Any CPU
		{89C9B6F2-1CD6-4A98-9CCC-EEFB7DDBF6FA}.Debug|x64.ActiveCfg = Debug|Any CPU
		{89C9B6F2-1CD6-4A98-9CCC-EEFB7DDBF6FA}.Debug|x64.Build.0 = Debug|Any CPU
		{89C9B6F2-1CD6-4A98-9CCC-EEFB7DDBF6FA}.Debug|x86.ActiveCfg = Debug|Any CPU
		{89C9B6F2-1CD6-4A98-9CCC-EEFB7DDBF6FA}.Debug|x86.Build.0 = Debug|Any CPU
		{89C9B6F2-1CD6-4A98-9CCC-EEFB7DDBF6FA}.Release|Any CPU.ActiveCfg = Release|Any CPU
		{89C9B6F2-1CD6-4A98-9CCC-EEFB7DDBF6FA}.Release|Any CPU.Build.0 = Release|Any CPU
		{89C9B6F2-1CD6-4A98-9CCC-EEFB7DDBF6FA}.Release|ARM.ActiveCfg = Release|Any CPU
		{89C9B6F2-1CD6-4A98-9CCC-EEFB7DDBF6FA}.Release|ARM.Build.0 = Release|Any CPU
		{89C9B6F2-1CD6-4A98-9CCC-EEFB7DDBF6FA}.Release|x64.ActiveCfg = Release|Any CPU
		{89C9B6F2-1CD6-4A98-9CCC-EEFB7DDBF6FA}.Release|x64.Build.0 = Release|Any CPU
		{89C9B6F2-1CD6-4A98-9CCC-EEFB7DDBF6FA}.Release|x86.ActiveCfg = Release|Any CPU
		{89C9B6F2-1CD6-4A98-9CCC-EEFB7DDBF6FA}.Release|x86.Build.0 = Release|Any CPU
		{4D43F515-19A1-4132-9360-96EA3607374F}.Debug|Any CPU.ActiveCfg = Debug|Any CPU
		{4D43F515-19A1-4132-9360-96EA3607374F}.Debug|Any CPU.Build.0 = Debug|Any CPU
		{4D43F515-19A1-4132-9360-96EA3607374F}.Debug|Any CPU.Deploy.0 = Debug|Any CPU
		{4D43F515-19A1-4132-9360-96EA3607374F}.Debug|ARM.ActiveCfg = Debug|Any CPU
		{4D43F515-19A1-4132-9360-96EA3607374F}.Debug|ARM.Build.0 = Debug|Any CPU
		{4D43F515-19A1-4132-9360-96EA3607374F}.Debug|ARM.Deploy.0 = Debug|Any CPU
		{4D43F515-19A1-4132-9360-96EA3607374F}.Debug|x64.ActiveCfg = Debug|Any CPU
		{4D43F515-19A1-4132-9360-96EA3607374F}.Debug|x64.Build.0 = Debug|Any CPU
		{4D43F515-19A1-4132-9360-96EA3607374F}.Debug|x64.Deploy.0 = Debug|Any CPU
		{4D43F515-19A1-4132-9360-96EA3607374F}.Debug|x86.ActiveCfg = Debug|Any CPU
		{4D43F515-19A1-4132-9360-96EA3607374F}.Debug|x86.Build.0 = Debug|Any CPU
		{4D43F515-19A1-4132-9360-96EA3607374F}.Debug|x86.Deploy.0 = Debug|Any CPU
		{4D43F515-19A1-4132-9360-96EA3607374F}.Release|Any CPU.ActiveCfg = Release|Any CPU
		{4D43F515-19A1-4132-9360-96EA3607374F}.Release|Any CPU.Build.0 = Release|Any CPU
		{4D43F515-19A1-4132-9360-96EA3607374F}.Release|Any CPU.Deploy.0 = Release|Any CPU
		{4D43F515-19A1-4132-9360-96EA3607374F}.Release|ARM.ActiveCfg = Release|Any CPU
		{4D43F515-19A1-4132-9360-96EA3607374F}.Release|ARM.Build.0 = Release|Any CPU
		{4D43F515-19A1-4132-9360-96EA3607374F}.Release|ARM.Deploy.0 = Release|Any CPU
		{4D43F515-19A1-4132-9360-96EA3607374F}.Release|x64.ActiveCfg = Release|Any CPU
		{4D43F515-19A1-4132-9360-96EA3607374F}.Release|x64.Build.0 = Release|Any CPU
		{4D43F515-19A1-4132-9360-96EA3607374F}.Release|x64.Deploy.0 = Release|Any CPU
		{4D43F515-19A1-4132-9360-96EA3607374F}.Release|x86.ActiveCfg = Release|Any CPU
		{4D43F515-19A1-4132-9360-96EA3607374F}.Release|x86.Build.0 = Release|Any CPU
		{4D43F515-19A1-4132-9360-96EA3607374F}.Release|x86.Deploy.0 = Release|Any CPU
	EndGlobalSection
	GlobalSection(SolutionProperties) = preSolution
		HideSolutionNode = FALSE
	EndGlobalSection
EndGlobal
