
Microsoft Visual Studio Solution File, Format Version 12.00
# Visual Studio 14
VisualStudioVersion = 14.0.25420.1
MinimumVisualStudioVersion = 10.0.40219.1
Project("{FAE04EC0-301F-11D3-BF4B-00C04F79EFBC}") = "BikeSharing.Clients.Core", "src\BikeSharing.Clients.Core\BikeSharing.Clients.Core.csproj", "{89C9B6F2-1CD6-4A98-9CCC-EEFB7DDBF6FA}"
EndProject
Project("{FAE04EC0-301F-11D3-BF4B-00C04F79EFBC}") = "BikeSharing.Clients.Tests", "src\BikeSharing.Clients.Tests\BikeSharing.Clients.Tests.csproj", "{208CF640-4A4F-40CC-A783-DFB8D1DB4881}"
EndProject
Project("{FAE04EC0-301F-11D3-BF4B-00C04F79EFBC}") = "BikeSharing.Clients.iOS", "src\BikeSharing.Clients.iOS\BikeSharing.Clients.iOS.csproj", "{199EBECE-99D0-4772-9092-E62B07E130C8}"
EndProject
Project("{FAE04EC0-301F-11D3-BF4B-00C04F79EFBC}") = "BikeSharing.Clients.Windows", "src\BikeSharing.Clients.Windows\BikeSharing.Clients.Windows.csproj", "{90AF39CC-2364-47DF-B798-A512BF6842D8}"
EndProject
Project("{FAE04EC0-301F-11D3-BF4B-00C04F79EFBC}") = "BikeSharing.Clients.WatchOSApp.WatchOSApp", "src\BikeSharing.Clients.WatchOSApp\BikeSharing.Clients.WatchOSApp.WatchOSApp\BikeSharing.Clients.WatchOSApp.WatchOSApp.csproj", "{7B7ED51B-B684-46F2-83C7-EEA5F632AF2B}"
EndProject
Project("{FAE04EC0-301F-11D3-BF4B-00C04F79EFBC}") = "BikeSharing.Clients.WatchOSApp.WatchOSExtension", "src\BikeSharing.Clients.WatchOSApp\BikeSharing.Clients.WatchOSApp.WatchOSExtension\BikeSharing.Clients.WatchOSApp.WatchOSExtension.csproj", "{0605DF61-5EB1-4CDB-AD4B-9F21C7C51130}"
EndProject
Project("{FAE04EC0-301F-11D3-BF4B-00C04F79EFBC}") = "BikeSharing.Clients.Droid", "src\BikeSharing.Clients.Droid\BikeSharing.Clients.Droid.csproj", "{4D43F515-19A1-4132-9360-96EA3607374F}"
EndProject
Global
	GlobalSection(SolutionConfigurationPlatforms) = preSolution
		Ad-Hoc|Any CPU = Ad-Hoc|Any CPU
		Ad-Hoc|ARM = Ad-Hoc|ARM
		Ad-Hoc|iPhone = Ad-Hoc|iPhone
		Ad-Hoc|iPhoneSimulator = Ad-Hoc|iPhoneSimulator
		Ad-Hoc|x64 = Ad-Hoc|x64
		Ad-Hoc|x86 = Ad-Hoc|x86
		AppStore|Any CPU = AppStore|Any CPU
		AppStore|ARM = AppStore|ARM
		AppStore|iPhone = AppStore|iPhone
		AppStore|iPhoneSimulator = AppStore|iPhoneSimulator
		AppStore|x64 = AppStore|x64
		AppStore|x86 = AppStore|x86
		Debug|Any CPU = Debug|Any CPU
		Debug|ARM = Debug|ARM
		Debug|iPhone = Debug|iPhone
		Debug|iPhoneSimulator = Debug|iPhoneSimulator
		Debug|x64 = Debug|x64
		Debug|x86 = Debug|x86
		Release|Any CPU = Release|Any CPU
		Release|ARM = Release|ARM
		Release|iPhone = Release|iPhone
		Release|iPhoneSimulator = Release|iPhoneSimulator
		Release|x64 = Release|x64
		Release|x86 = Release|x86
	EndGlobalSection
	GlobalSection(ProjectConfigurationPlatforms) = postSolution
		{89C9B6F2-1CD6-4A98-9CCC-EEFB7DDBF6FA}.Ad-Hoc|Any CPU.ActiveCfg = Release|Any CPU
		{89C9B6F2-1CD6-4A98-9CCC-EEFB7DDBF6FA}.Ad-Hoc|Any CPU.Build.0 = Release|Any CPU
		{89C9B6F2-1CD6-4A98-9CCC-EEFB7DDBF6FA}.Ad-Hoc|ARM.ActiveCfg = Debug|Any CPU
		{89C9B6F2-1CD6-4A98-9CCC-EEFB7DDBF6FA}.Ad-Hoc|ARM.Build.0 = Debug|Any CPU
		{89C9B6F2-1CD6-4A98-9CCC-EEFB7DDBF6FA}.Ad-Hoc|iPhone.ActiveCfg = Release|Any CPU
		{89C9B6F2-1CD6-4A98-9CCC-EEFB7DDBF6FA}.Ad-Hoc|iPhone.Build.0 = Release|Any CPU
		{89C9B6F2-1CD6-4A98-9CCC-EEFB7DDBF6FA}.Ad-Hoc|iPhoneSimulator.ActiveCfg = Release|Any CPU
		{89C9B6F2-1CD6-4A98-9CCC-EEFB7DDBF6FA}.Ad-Hoc|iPhoneSimulator.Build.0 = Release|Any CPU
		{89C9B6F2-1CD6-4A98-9CCC-EEFB7DDBF6FA}.Ad-Hoc|x64.ActiveCfg = Debug|Any CPU
		{89C9B6F2-1CD6-4A98-9CCC-EEFB7DDBF6FA}.Ad-Hoc|x64.Build.0 = Debug|Any CPU
		{89C9B6F2-1CD6-4A98-9CCC-EEFB7DDBF6FA}.Ad-Hoc|x86.ActiveCfg = Debug|Any CPU
		{89C9B6F2-1CD6-4A98-9CCC-EEFB7DDBF6FA}.Ad-Hoc|x86.Build.0 = Debug|Any CPU
		{89C9B6F2-1CD6-4A98-9CCC-EEFB7DDBF6FA}.AppStore|Any CPU.ActiveCfg = Release|Any CPU
		{89C9B6F2-1CD6-4A98-9CCC-EEFB7DDBF6FA}.AppStore|Any CPU.Build.0 = Release|Any CPU
		{89C9B6F2-1CD6-4A98-9CCC-EEFB7DDBF6FA}.AppStore|ARM.ActiveCfg = Debug|Any CPU
		{89C9B6F2-1CD6-4A98-9CCC-EEFB7DDBF6FA}.AppStore|ARM.Build.0 = Debug|Any CPU
		{89C9B6F2-1CD6-4A98-9CCC-EEFB7DDBF6FA}.AppStore|iPhone.ActiveCfg = Release|Any CPU
		{89C9B6F2-1CD6-4A98-9CCC-EEFB7DDBF6FA}.AppStore|iPhone.Build.0 = Release|Any CPU
		{89C9B6F2-1CD6-4A98-9CCC-EEFB7DDBF6FA}.AppStore|iPhoneSimulator.ActiveCfg = Release|Any CPU
		{89C9B6F2-1CD6-4A98-9CCC-EEFB7DDBF6FA}.AppStore|iPhoneSimulator.Build.0 = Release|Any CPU
		{89C9B6F2-1CD6-4A98-9CCC-EEFB7DDBF6FA}.AppStore|x64.ActiveCfg = Debug|Any CPU
		{89C9B6F2-1CD6-4A98-9CCC-EEFB7DDBF6FA}.AppStore|x64.Build.0 = Debug|Any CPU
		{89C9B6F2-1CD6-4A98-9CCC-EEFB7DDBF6FA}.AppStore|x86.ActiveCfg = Debug|Any CPU
		{89C9B6F2-1CD6-4A98-9CCC-EEFB7DDBF6FA}.AppStore|x86.Build.0 = Debug|Any CPU
		{89C9B6F2-1CD6-4A98-9CCC-EEFB7DDBF6FA}.Debug|Any CPU.ActiveCfg = Debug|Any CPU
		{89C9B6F2-1CD6-4A98-9CCC-EEFB7DDBF6FA}.Debug|Any CPU.Build.0 = Debug|Any CPU
		{89C9B6F2-1CD6-4A98-9CCC-EEFB7DDBF6FA}.Debug|ARM.ActiveCfg = Debug|Any CPU
		{89C9B6F2-1CD6-4A98-9CCC-EEFB7DDBF6FA}.Debug|ARM.Build.0 = Debug|Any CPU
		{89C9B6F2-1CD6-4A98-9CCC-EEFB7DDBF6FA}.Debug|iPhone.ActiveCfg = Debug|Any CPU
		{89C9B6F2-1CD6-4A98-9CCC-EEFB7DDBF6FA}.Debug|iPhone.Build.0 = Debug|Any CPU
		{89C9B6F2-1CD6-4A98-9CCC-EEFB7DDBF6FA}.Debug|iPhoneSimulator.ActiveCfg = Debug|Any CPU
		{89C9B6F2-1CD6-4A98-9CCC-EEFB7DDBF6FA}.Debug|iPhoneSimulator.Build.0 = Debug|Any CPU
		{89C9B6F2-1CD6-4A98-9CCC-EEFB7DDBF6FA}.Debug|x64.ActiveCfg = Debug|Any CPU
		{89C9B6F2-1CD6-4A98-9CCC-EEFB7DDBF6FA}.Debug|x64.Build.0 = Debug|Any CPU
		{89C9B6F2-1CD6-4A98-9CCC-EEFB7DDBF6FA}.Debug|x86.ActiveCfg = Debug|Any CPU
		{89C9B6F2-1CD6-4A98-9CCC-EEFB7DDBF6FA}.Debug|x86.Build.0 = Debug|Any CPU
		{89C9B6F2-1CD6-4A98-9CCC-EEFB7DDBF6FA}.Release|Any CPU.ActiveCfg = Release|Any CPU
		{89C9B6F2-1CD6-4A98-9CCC-EEFB7DDBF6FA}.Release|Any CPU.Build.0 = Release|Any CPU
		{89C9B6F2-1CD6-4A98-9CCC-EEFB7DDBF6FA}.Release|ARM.ActiveCfg = Release|Any CPU
		{89C9B6F2-1CD6-4A98-9CCC-EEFB7DDBF6FA}.Release|ARM.Build.0 = Release|Any CPU
		{89C9B6F2-1CD6-4A98-9CCC-EEFB7DDBF6FA}.Release|iPhone.ActiveCfg = Release|Any CPU
		{89C9B6F2-1CD6-4A98-9CCC-EEFB7DDBF6FA}.Release|iPhone.Build.0 = Release|Any CPU
		{89C9B6F2-1CD6-4A98-9CCC-EEFB7DDBF6FA}.Release|iPhoneSimulator.ActiveCfg = Release|Any CPU
		{89C9B6F2-1CD6-4A98-9CCC-EEFB7DDBF6FA}.Release|iPhoneSimulator.Build.0 = Release|Any CPU
		{89C9B6F2-1CD6-4A98-9CCC-EEFB7DDBF6FA}.Release|x64.ActiveCfg = Release|Any CPU
		{89C9B6F2-1CD6-4A98-9CCC-EEFB7DDBF6FA}.Release|x64.Build.0 = Release|Any CPU
		{89C9B6F2-1CD6-4A98-9CCC-EEFB7DDBF6FA}.Release|x86.ActiveCfg = Release|Any CPU
		{89C9B6F2-1CD6-4A98-9CCC-EEFB7DDBF6FA}.Release|x86.Build.0 = Release|Any CPU
		{208CF640-4A4F-40CC-A783-DFB8D1DB4881}.Ad-Hoc|Any CPU.ActiveCfg = Release|Any CPU
		{208CF640-4A4F-40CC-A783-DFB8D1DB4881}.Ad-Hoc|Any CPU.Build.0 = Release|Any CPU
		{208CF640-4A4F-40CC-A783-DFB8D1DB4881}.Ad-Hoc|ARM.ActiveCfg = Debug|Any CPU
		{208CF640-4A4F-40CC-A783-DFB8D1DB4881}.Ad-Hoc|ARM.Build.0 = Debug|Any CPU
		{208CF640-4A4F-40CC-A783-DFB8D1DB4881}.Ad-Hoc|iPhone.ActiveCfg = Release|Any CPU
		{208CF640-4A4F-40CC-A783-DFB8D1DB4881}.Ad-Hoc|iPhone.Build.0 = Release|Any CPU
		{208CF640-4A4F-40CC-A783-DFB8D1DB4881}.Ad-Hoc|iPhoneSimulator.ActiveCfg = Release|Any CPU
		{208CF640-4A4F-40CC-A783-DFB8D1DB4881}.Ad-Hoc|iPhoneSimulator.Build.0 = Release|Any CPU
		{208CF640-4A4F-40CC-A783-DFB8D1DB4881}.Ad-Hoc|x64.ActiveCfg = Debug|Any CPU
		{208CF640-4A4F-40CC-A783-DFB8D1DB4881}.Ad-Hoc|x64.Build.0 = Debug|Any CPU
		{208CF640-4A4F-40CC-A783-DFB8D1DB4881}.Ad-Hoc|x86.ActiveCfg = Debug|Any CPU
		{208CF640-4A4F-40CC-A783-DFB8D1DB4881}.Ad-Hoc|x86.Build.0 = Debug|Any CPU
		{208CF640-4A4F-40CC-A783-DFB8D1DB4881}.AppStore|Any CPU.ActiveCfg = Release|Any CPU
		{208CF640-4A4F-40CC-A783-DFB8D1DB4881}.AppStore|Any CPU.Build.0 = Release|Any CPU
		{208CF640-4A4F-40CC-A783-DFB8D1DB4881}.AppStore|ARM.ActiveCfg = Debug|Any CPU
		{208CF640-4A4F-40CC-A783-DFB8D1DB4881}.AppStore|ARM.Build.0 = Debug|Any CPU
		{208CF640-4A4F-40CC-A783-DFB8D1DB4881}.AppStore|iPhone.ActiveCfg = Release|Any CPU
		{208CF640-4A4F-40CC-A783-DFB8D1DB4881}.AppStore|iPhone.Build.0 = Release|Any CPU
		{208CF640-4A4F-40CC-A783-DFB8D1DB4881}.AppStore|iPhoneSimulator.ActiveCfg = Release|Any CPU
		{208CF640-4A4F-40CC-A783-DFB8D1DB4881}.AppStore|iPhoneSimulator.Build.0 = Release|Any CPU
		{208CF640-4A4F-40CC-A783-DFB8D1DB4881}.AppStore|x64.ActiveCfg = Debug|Any CPU
		{208CF640-4A4F-40CC-A783-DFB8D1DB4881}.AppStore|x64.Build.0 = Debug|Any CPU
		{208CF640-4A4F-40CC-A783-DFB8D1DB4881}.AppStore|x86.ActiveCfg = Debug|Any CPU
		{208CF640-4A4F-40CC-A783-DFB8D1DB4881}.AppStore|x86.Build.0 = Debug|Any CPU
		{208CF640-4A4F-40CC-A783-DFB8D1DB4881}.Debug|Any CPU.ActiveCfg = Debug|Any CPU
		{208CF640-4A4F-40CC-A783-DFB8D1DB4881}.Debug|Any CPU.Build.0 = Debug|Any CPU
		{208CF640-4A4F-40CC-A783-DFB8D1DB4881}.Debug|ARM.ActiveCfg = Debug|Any CPU
		{208CF640-4A4F-40CC-A783-DFB8D1DB4881}.Debug|ARM.Build.0 = Debug|Any CPU
		{208CF640-4A4F-40CC-A783-DFB8D1DB4881}.Debug|iPhone.ActiveCfg = Debug|Any CPU
		{208CF640-4A4F-40CC-A783-DFB8D1DB4881}.Debug|iPhone.Build.0 = Debug|Any CPU
		{208CF640-4A4F-40CC-A783-DFB8D1DB4881}.Debug|iPhoneSimulator.ActiveCfg = Debug|Any CPU
		{208CF640-4A4F-40CC-A783-DFB8D1DB4881}.Debug|iPhoneSimulator.Build.0 = Debug|Any CPU
		{208CF640-4A4F-40CC-A783-DFB8D1DB4881}.Debug|x64.ActiveCfg = Debug|Any CPU
		{208CF640-4A4F-40CC-A783-DFB8D1DB4881}.Debug|x64.Build.0 = Debug|Any CPU
		{208CF640-4A4F-40CC-A783-DFB8D1DB4881}.Debug|x86.ActiveCfg = Debug|Any CPU
		{208CF640-4A4F-40CC-A783-DFB8D1DB4881}.Debug|x86.Build.0 = Debug|Any CPU
		{208CF640-4A4F-40CC-A783-DFB8D1DB4881}.Release|Any CPU.ActiveCfg = Release|Any CPU
		{208CF640-4A4F-40CC-A783-DFB8D1DB4881}.Release|Any CPU.Build.0 = Release|Any CPU
		{208CF640-4A4F-40CC-A783-DFB8D1DB4881}.Release|ARM.ActiveCfg = Release|Any CPU
		{208CF640-4A4F-40CC-A783-DFB8D1DB4881}.Release|ARM.Build.0 = Release|Any CPU
		{208CF640-4A4F-40CC-A783-DFB8D1DB4881}.Release|iPhone.ActiveCfg = Release|Any CPU
		{208CF640-4A4F-40CC-A783-DFB8D1DB4881}.Release|iPhone.Build.0 = Release|Any CPU
		{208CF640-4A4F-40CC-A783-DFB8D1DB4881}.Release|iPhoneSimulator.ActiveCfg = Release|Any CPU
		{208CF640-4A4F-40CC-A783-DFB8D1DB4881}.Release|iPhoneSimulator.Build.0 = Release|Any CPU
		{208CF640-4A4F-40CC-A783-DFB8D1DB4881}.Release|x64.ActiveCfg = Release|Any CPU
		{208CF640-4A4F-40CC-A783-DFB8D1DB4881}.Release|x64.Build.0 = Release|Any CPU
		{208CF640-4A4F-40CC-A783-DFB8D1DB4881}.Release|x86.ActiveCfg = Release|Any CPU
		{208CF640-4A4F-40CC-A783-DFB8D1DB4881}.Release|x86.Build.0 = Release|Any CPU
		{199EBECE-99D0-4772-9092-E62B07E130C8}.Ad-Hoc|Any CPU.ActiveCfg = Ad-Hoc|iPhone
		{199EBECE-99D0-4772-9092-E62B07E130C8}.Ad-Hoc|ARM.ActiveCfg = Ad-Hoc|iPhoneSimulator
		{199EBECE-99D0-4772-9092-E62B07E130C8}.Ad-Hoc|iPhone.ActiveCfg = Ad-Hoc|iPhone
		{199EBECE-99D0-4772-9092-E62B07E130C8}.Ad-Hoc|iPhone.Build.0 = Ad-Hoc|iPhone
		{199EBECE-99D0-4772-9092-E62B07E130C8}.Ad-Hoc|iPhoneSimulator.ActiveCfg = Ad-Hoc|iPhoneSimulator
		{199EBECE-99D0-4772-9092-E62B07E130C8}.Ad-Hoc|iPhoneSimulator.Build.0 = Ad-Hoc|iPhoneSimulator
		{199EBECE-99D0-4772-9092-E62B07E130C8}.Ad-Hoc|x64.ActiveCfg = Ad-Hoc|iPhoneSimulator
		{199EBECE-99D0-4772-9092-E62B07E130C8}.Ad-Hoc|x86.ActiveCfg = Ad-Hoc|iPhoneSimulator
		{199EBECE-99D0-4772-9092-E62B07E130C8}.AppStore|Any CPU.ActiveCfg = AppStore|iPhone
		{199EBECE-99D0-4772-9092-E62B07E130C8}.AppStore|ARM.ActiveCfg = AppStore|iPhoneSimulator
		{199EBECE-99D0-4772-9092-E62B07E130C8}.AppStore|iPhone.ActiveCfg = AppStore|iPhone
		{199EBECE-99D0-4772-9092-E62B07E130C8}.AppStore|iPhone.Build.0 = AppStore|iPhone
		{199EBECE-99D0-4772-9092-E62B07E130C8}.AppStore|iPhoneSimulator.ActiveCfg = AppStore|iPhoneSimulator
		{199EBECE-99D0-4772-9092-E62B07E130C8}.AppStore|iPhoneSimulator.Build.0 = AppStore|iPhoneSimulator
		{199EBECE-99D0-4772-9092-E62B07E130C8}.AppStore|x64.ActiveCfg = AppStore|iPhoneSimulator
		{199EBECE-99D0-4772-9092-E62B07E130C8}.AppStore|x86.ActiveCfg = AppStore|iPhoneSimulator
		{199EBECE-99D0-4772-9092-E62B07E130C8}.Debug|Any CPU.ActiveCfg = Debug|iPhone
		{199EBECE-99D0-4772-9092-E62B07E130C8}.Debug|Any CPU.Build.0 = Debug|iPhone
		{199EBECE-99D0-4772-9092-E62B07E130C8}.Debug|ARM.ActiveCfg = Debug|iPhoneSimulator
		{199EBECE-99D0-4772-9092-E62B07E130C8}.Debug|iPhone.ActiveCfg = Debug|iPhone
		{199EBECE-99D0-4772-9092-E62B07E130C8}.Debug|iPhone.Build.0 = Debug|iPhone
		{199EBECE-99D0-4772-9092-E62B07E130C8}.Debug|iPhoneSimulator.ActiveCfg = Debug|iPhoneSimulator
		{199EBECE-99D0-4772-9092-E62B07E130C8}.Debug|iPhoneSimulator.Build.0 = Debug|iPhoneSimulator
		{199EBECE-99D0-4772-9092-E62B07E130C8}.Debug|x64.ActiveCfg = Debug|iPhoneSimulator
		{199EBECE-99D0-4772-9092-E62B07E130C8}.Debug|x86.ActiveCfg = Debug|iPhoneSimulator
		{199EBECE-99D0-4772-9092-E62B07E130C8}.Release|Any CPU.ActiveCfg = Release|iPhone
		{199EBECE-99D0-4772-9092-E62B07E130C8}.Release|ARM.ActiveCfg = Release|iPhoneSimulator
		{199EBECE-99D0-4772-9092-E62B07E130C8}.Release|iPhone.ActiveCfg = Release|iPhone
		{199EBECE-99D0-4772-9092-E62B07E130C8}.Release|iPhone.Build.0 = Release|iPhone
		{199EBECE-99D0-4772-9092-E62B07E130C8}.Release|iPhoneSimulator.ActiveCfg = Release|iPhoneSimulator
		{199EBECE-99D0-4772-9092-E62B07E130C8}.Release|iPhoneSimulator.Build.0 = Release|iPhoneSimulator
		{199EBECE-99D0-4772-9092-E62B07E130C8}.Release|x64.ActiveCfg = Release|iPhoneSimulator
		{199EBECE-99D0-4772-9092-E62B07E130C8}.Release|x86.ActiveCfg = Release|iPhoneSimulator
		{90AF39CC-2364-47DF-B798-A512BF6842D8}.Ad-Hoc|Any CPU.ActiveCfg = Release|x64
		{90AF39CC-2364-47DF-B798-A512BF6842D8}.Ad-Hoc|Any CPU.Build.0 = Release|x64
		{90AF39CC-2364-47DF-B798-A512BF6842D8}.Ad-Hoc|Any CPU.Deploy.0 = Release|x64
		{90AF39CC-2364-47DF-B798-A512BF6842D8}.Ad-Hoc|ARM.ActiveCfg = Release|ARM
		{90AF39CC-2364-47DF-B798-A512BF6842D8}.Ad-Hoc|ARM.Build.0 = Release|ARM
		{90AF39CC-2364-47DF-B798-A512BF6842D8}.Ad-Hoc|ARM.Deploy.0 = Release|ARM
		{90AF39CC-2364-47DF-B798-A512BF6842D8}.Ad-Hoc|iPhone.ActiveCfg = Release|x64
		{90AF39CC-2364-47DF-B798-A512BF6842D8}.Ad-Hoc|iPhone.Build.0 = Release|x64
		{90AF39CC-2364-47DF-B798-A512BF6842D8}.Ad-Hoc|iPhone.Deploy.0 = Release|x64
		{90AF39CC-2364-47DF-B798-A512BF6842D8}.Ad-Hoc|iPhoneSimulator.ActiveCfg = Release|x64
		{90AF39CC-2364-47DF-B798-A512BF6842D8}.Ad-Hoc|iPhoneSimulator.Build.0 = Release|x64
		{90AF39CC-2364-47DF-B798-A512BF6842D8}.Ad-Hoc|iPhoneSimulator.Deploy.0 = Release|x64
		{90AF39CC-2364-47DF-B798-A512BF6842D8}.Ad-Hoc|x64.ActiveCfg = Release|x64
		{90AF39CC-2364-47DF-B798-A512BF6842D8}.Ad-Hoc|x64.Build.0 = Release|x64
		{90AF39CC-2364-47DF-B798-A512BF6842D8}.Ad-Hoc|x64.Deploy.0 = Release|x64
		{90AF39CC-2364-47DF-B798-A512BF6842D8}.Ad-Hoc|x86.ActiveCfg = Release|x86
		{90AF39CC-2364-47DF-B798-A512BF6842D8}.Ad-Hoc|x86.Build.0 = Release|x86
		{90AF39CC-2364-47DF-B798-A512BF6842D8}.Ad-Hoc|x86.Deploy.0 = Release|x86
		{90AF39CC-2364-47DF-B798-A512BF6842D8}.AppStore|Any CPU.ActiveCfg = Release|x64
		{90AF39CC-2364-47DF-B798-A512BF6842D8}.AppStore|Any CPU.Build.0 = Release|x64
		{90AF39CC-2364-47DF-B798-A512BF6842D8}.AppStore|Any CPU.Deploy.0 = Release|x64
		{90AF39CC-2364-47DF-B798-A512BF6842D8}.AppStore|ARM.ActiveCfg = Release|ARM
		{90AF39CC-2364-47DF-B798-A512BF6842D8}.AppStore|ARM.Build.0 = Release|ARM
		{90AF39CC-2364-47DF-B798-A512BF6842D8}.AppStore|ARM.Deploy.0 = Release|ARM
		{90AF39CC-2364-47DF-B798-A512BF6842D8}.AppStore|iPhone.ActiveCfg = Release|x64
		{90AF39CC-2364-47DF-B798-A512BF6842D8}.AppStore|iPhone.Build.0 = Release|x64
		{90AF39CC-2364-47DF-B798-A512BF6842D8}.AppStore|iPhone.Deploy.0 = Release|x64
		{90AF39CC-2364-47DF-B798-A512BF6842D8}.AppStore|iPhoneSimulator.ActiveCfg = Release|x64
		{90AF39CC-2364-47DF-B798-A512BF6842D8}.AppStore|iPhoneSimulator.Build.0 = Release|x64
		{90AF39CC-2364-47DF-B798-A512BF6842D8}.AppStore|iPhoneSimulator.Deploy.0 = Release|x64
		{90AF39CC-2364-47DF-B798-A512BF6842D8}.AppStore|x64.ActiveCfg = Release|x64
		{90AF39CC-2364-47DF-B798-A512BF6842D8}.AppStore|x64.Build.0 = Release|x64
		{90AF39CC-2364-47DF-B798-A512BF6842D8}.AppStore|x64.Deploy.0 = Release|x64
		{90AF39CC-2364-47DF-B798-A512BF6842D8}.AppStore|x86.ActiveCfg = Release|x86
		{90AF39CC-2364-47DF-B798-A512BF6842D8}.AppStore|x86.Build.0 = Release|x86
		{90AF39CC-2364-47DF-B798-A512BF6842D8}.AppStore|x86.Deploy.0 = Release|x86
		{90AF39CC-2364-47DF-B798-A512BF6842D8}.Debug|Any CPU.ActiveCfg = Debug|x86
		{90AF39CC-2364-47DF-B798-A512BF6842D8}.Debug|Any CPU.Build.0 = Debug|x86
		{90AF39CC-2364-47DF-B798-A512BF6842D8}.Debug|Any CPU.Deploy.0 = Debug|x86
		{90AF39CC-2364-47DF-B798-A512BF6842D8}.Debug|ARM.ActiveCfg = Debug|ARM
		{90AF39CC-2364-47DF-B798-A512BF6842D8}.Debug|ARM.Build.0 = Debug|ARM
		{90AF39CC-2364-47DF-B798-A512BF6842D8}.Debug|ARM.Deploy.0 = Debug|ARM
		{90AF39CC-2364-47DF-B798-A512BF6842D8}.Debug|iPhone.ActiveCfg = Debug|x86
		{90AF39CC-2364-47DF-B798-A512BF6842D8}.Debug|iPhoneSimulator.ActiveCfg = Debug|x86
		{90AF39CC-2364-47DF-B798-A512BF6842D8}.Debug|iPhoneSimulator.Build.0 = Debug|x86
		{90AF39CC-2364-47DF-B798-A512BF6842D8}.Debug|iPhoneSimulator.Deploy.0 = Debug|x86
		{90AF39CC-2364-47DF-B798-A512BF6842D8}.Debug|x64.ActiveCfg = Debug|x64
		{90AF39CC-2364-47DF-B798-A512BF6842D8}.Debug|x64.Build.0 = Debug|x64
		{90AF39CC-2364-47DF-B798-A512BF6842D8}.Debug|x64.Deploy.0 = Debug|x64
		{90AF39CC-2364-47DF-B798-A512BF6842D8}.Debug|x86.ActiveCfg = Debug|x86
		{90AF39CC-2364-47DF-B798-A512BF6842D8}.Debug|x86.Build.0 = Debug|x86
		{90AF39CC-2364-47DF-B798-A512BF6842D8}.Debug|x86.Deploy.0 = Debug|x86
		{90AF39CC-2364-47DF-B798-A512BF6842D8}.Release|Any CPU.ActiveCfg = Release|x86
		{90AF39CC-2364-47DF-B798-A512BF6842D8}.Release|ARM.ActiveCfg = Release|ARM
		{90AF39CC-2364-47DF-B798-A512BF6842D8}.Release|ARM.Build.0 = Release|ARM
		{90AF39CC-2364-47DF-B798-A512BF6842D8}.Release|ARM.Deploy.0 = Release|ARM
		{90AF39CC-2364-47DF-B798-A512BF6842D8}.Release|iPhone.ActiveCfg = Release|x86
		{90AF39CC-2364-47DF-B798-A512BF6842D8}.Release|iPhoneSimulator.ActiveCfg = Release|x86
		{90AF39CC-2364-47DF-B798-A512BF6842D8}.Release|iPhoneSimulator.Build.0 = Release|x86
		{90AF39CC-2364-47DF-B798-A512BF6842D8}.Release|iPhoneSimulator.Deploy.0 = Release|x86
		{90AF39CC-2364-47DF-B798-A512BF6842D8}.Release|x64.ActiveCfg = Release|x64
		{90AF39CC-2364-47DF-B798-A512BF6842D8}.Release|x64.Build.0 = Release|x64
		{90AF39CC-2364-47DF-B798-A512BF6842D8}.Release|x64.Deploy.0 = Release|x64
		{90AF39CC-2364-47DF-B798-A512BF6842D8}.Release|x86.ActiveCfg = Release|x86
		{90AF39CC-2364-47DF-B798-A512BF6842D8}.Release|x86.Build.0 = Release|x86
		{90AF39CC-2364-47DF-B798-A512BF6842D8}.Release|x86.Deploy.0 = Release|x86
		{7B7ED51B-B684-46F2-83C7-EEA5F632AF2B}.Ad-Hoc|Any CPU.ActiveCfg = Ad-Hoc|iPhone
		{7B7ED51B-B684-46F2-83C7-EEA5F632AF2B}.Ad-Hoc|ARM.ActiveCfg = Ad-Hoc|iPhone
		{7B7ED51B-B684-46F2-83C7-EEA5F632AF2B}.Ad-Hoc|iPhone.ActiveCfg = Ad-Hoc|iPhone
		{7B7ED51B-B684-46F2-83C7-EEA5F632AF2B}.Ad-Hoc|iPhone.Build.0 = Ad-Hoc|iPhone
		{7B7ED51B-B684-46F2-83C7-EEA5F632AF2B}.Ad-Hoc|iPhoneSimulator.ActiveCfg = Ad-Hoc|iPhoneSimulator
		{7B7ED51B-B684-46F2-83C7-EEA5F632AF2B}.Ad-Hoc|iPhoneSimulator.Build.0 = Ad-Hoc|iPhoneSimulator
		{7B7ED51B-B684-46F2-83C7-EEA5F632AF2B}.Ad-Hoc|x64.ActiveCfg = Ad-Hoc|iPhone
		{7B7ED51B-B684-46F2-83C7-EEA5F632AF2B}.Ad-Hoc|x86.ActiveCfg = Ad-Hoc|iPhone
		{7B7ED51B-B684-46F2-83C7-EEA5F632AF2B}.AppStore|Any CPU.ActiveCfg = AppStore|iPhone
		{7B7ED51B-B684-46F2-83C7-EEA5F632AF2B}.AppStore|ARM.ActiveCfg = AppStore|iPhone
		{7B7ED51B-B684-46F2-83C7-EEA5F632AF2B}.AppStore|iPhone.ActiveCfg = AppStore|iPhone
		{7B7ED51B-B684-46F2-83C7-EEA5F632AF2B}.AppStore|iPhone.Build.0 = AppStore|iPhone
		{7B7ED51B-B684-46F2-83C7-EEA5F632AF2B}.AppStore|iPhoneSimulator.ActiveCfg = AppStore|iPhoneSimulator
		{7B7ED51B-B684-46F2-83C7-EEA5F632AF2B}.AppStore|iPhoneSimulator.Build.0 = AppStore|iPhoneSimulator
		{7B7ED51B-B684-46F2-83C7-EEA5F632AF2B}.AppStore|x64.ActiveCfg = AppStore|iPhone
		{7B7ED51B-B684-46F2-83C7-EEA5F632AF2B}.AppStore|x86.ActiveCfg = AppStore|iPhone
		{7B7ED51B-B684-46F2-83C7-EEA5F632AF2B}.Debug|Any CPU.ActiveCfg = Debug|iPhone
		{7B7ED51B-B684-46F2-83C7-EEA5F632AF2B}.Debug|Any CPU.Build.0 = Debug|iPhone
		{7B7ED51B-B684-46F2-83C7-EEA5F632AF2B}.Debug|ARM.ActiveCfg = Debug|iPhone
		{7B7ED51B-B684-46F2-83C7-EEA5F632AF2B}.Debug|iPhone.ActiveCfg = Debug|iPhone
		{7B7ED51B-B684-46F2-83C7-EEA5F632AF2B}.Debug|iPhone.Build.0 = Debug|iPhone
		{7B7ED51B-B684-46F2-83C7-EEA5F632AF2B}.Debug|iPhoneSimulator.ActiveCfg = Debug|iPhoneSimulator
		{7B7ED51B-B684-46F2-83C7-EEA5F632AF2B}.Debug|iPhoneSimulator.Build.0 = Debug|iPhoneSimulator
		{7B7ED51B-B684-46F2-83C7-EEA5F632AF2B}.Debug|x64.ActiveCfg = Debug|iPhone
		{7B7ED51B-B684-46F2-83C7-EEA5F632AF2B}.Debug|x86.ActiveCfg = Debug|iPhone
		{7B7ED51B-B684-46F2-83C7-EEA5F632AF2B}.Release|Any CPU.ActiveCfg = Release|iPhone
		{7B7ED51B-B684-46F2-83C7-EEA5F632AF2B}.Release|ARM.ActiveCfg = Release|iPhone
		{7B7ED51B-B684-46F2-83C7-EEA5F632AF2B}.Release|iPhone.ActiveCfg = Release|iPhone
		{7B7ED51B-B684-46F2-83C7-EEA5F632AF2B}.Release|iPhone.Build.0 = Release|iPhone
		{7B7ED51B-B684-46F2-83C7-EEA5F632AF2B}.Release|iPhoneSimulator.ActiveCfg = Release|iPhoneSimulator
		{7B7ED51B-B684-46F2-83C7-EEA5F632AF2B}.Release|iPhoneSimulator.Build.0 = Release|iPhoneSimulator
		{7B7ED51B-B684-46F2-83C7-EEA5F632AF2B}.Release|x64.ActiveCfg = Release|iPhone
		{7B7ED51B-B684-46F2-83C7-EEA5F632AF2B}.Release|x86.ActiveCfg = Release|iPhone
		{0605DF61-5EB1-4CDB-AD4B-9F21C7C51130}.Ad-Hoc|Any CPU.ActiveCfg = Ad-Hoc|iPhone
		{0605DF61-5EB1-4CDB-AD4B-9F21C7C51130}.Ad-Hoc|ARM.ActiveCfg = Ad-Hoc|iPhone
		{0605DF61-5EB1-4CDB-AD4B-9F21C7C51130}.Ad-Hoc|iPhone.ActiveCfg = Ad-Hoc|iPhone
		{0605DF61-5EB1-4CDB-AD4B-9F21C7C51130}.Ad-Hoc|iPhone.Build.0 = Ad-Hoc|iPhone
		{0605DF61-5EB1-4CDB-AD4B-9F21C7C51130}.Ad-Hoc|iPhoneSimulator.ActiveCfg = Ad-Hoc|iPhoneSimulator
		{0605DF61-5EB1-4CDB-AD4B-9F21C7C51130}.Ad-Hoc|iPhoneSimulator.Build.0 = Ad-Hoc|iPhoneSimulator
		{0605DF61-5EB1-4CDB-AD4B-9F21C7C51130}.Ad-Hoc|x64.ActiveCfg = Ad-Hoc|iPhone
		{0605DF61-5EB1-4CDB-AD4B-9F21C7C51130}.Ad-Hoc|x86.ActiveCfg = Ad-Hoc|iPhone
		{0605DF61-5EB1-4CDB-AD4B-9F21C7C51130}.AppStore|Any CPU.ActiveCfg = AppStore|iPhone
		{0605DF61-5EB1-4CDB-AD4B-9F21C7C51130}.AppStore|ARM.ActiveCfg = AppStore|iPhone
		{0605DF61-5EB1-4CDB-AD4B-9F21C7C51130}.AppStore|iPhone.ActiveCfg = AppStore|iPhone
		{0605DF61-5EB1-4CDB-AD4B-9F21C7C51130}.AppStore|iPhone.Build.0 = AppStore|iPhone
		{0605DF61-5EB1-4CDB-AD4B-9F21C7C51130}.AppStore|iPhoneSimulator.ActiveCfg = AppStore|iPhoneSimulator
		{0605DF61-5EB1-4CDB-AD4B-9F21C7C51130}.AppStore|iPhoneSimulator.Build.0 = AppStore|iPhoneSimulator
		{0605DF61-5EB1-4CDB-AD4B-9F21C7C51130}.AppStore|x64.ActiveCfg = AppStore|iPhone
		{0605DF61-5EB1-4CDB-AD4B-9F21C7C51130}.AppStore|x86.ActiveCfg = AppStore|iPhone
		{0605DF61-5EB1-4CDB-AD4B-9F21C7C51130}.Debug|Any CPU.ActiveCfg = Debug|iPhone
		{0605DF61-5EB1-4CDB-AD4B-9F21C7C51130}.Debug|Any CPU.Build.0 = Debug|iPhone
		{0605DF61-5EB1-4CDB-AD4B-9F21C7C51130}.Debug|ARM.ActiveCfg = Debug|iPhone
		{0605DF61-5EB1-4CDB-AD4B-9F21C7C51130}.Debug|iPhone.ActiveCfg = Debug|iPhone
		{0605DF61-5EB1-4CDB-AD4B-9F21C7C51130}.Debug|iPhone.Build.0 = Debug|iPhone
		{0605DF61-5EB1-4CDB-AD4B-9F21C7C51130}.Debug|iPhoneSimulator.ActiveCfg = Debug|iPhoneSimulator
		{0605DF61-5EB1-4CDB-AD4B-9F21C7C51130}.Debug|iPhoneSimulator.Build.0 = Debug|iPhoneSimulator
		{0605DF61-5EB1-4CDB-AD4B-9F21C7C51130}.Debug|x64.ActiveCfg = Debug|iPhone
		{0605DF61-5EB1-4CDB-AD4B-9F21C7C51130}.Debug|x86.ActiveCfg = Debug|iPhone
		{0605DF61-5EB1-4CDB-AD4B-9F21C7C51130}.Release|Any CPU.ActiveCfg = Release|iPhone
		{0605DF61-5EB1-4CDB-AD4B-9F21C7C51130}.Release|ARM.ActiveCfg = Release|iPhone
		{0605DF61-5EB1-4CDB-AD4B-9F21C7C51130}.Release|iPhone.ActiveCfg = Release|iPhone
		{0605DF61-5EB1-4CDB-AD4B-9F21C7C51130}.Release|iPhone.Build.0 = Release|iPhone
		{0605DF61-5EB1-4CDB-AD4B-9F21C7C51130}.Release|iPhoneSimulator.ActiveCfg = Release|iPhoneSimulator
		{0605DF61-5EB1-4CDB-AD4B-9F21C7C51130}.Release|iPhoneSimulator.Build.0 = Release|iPhoneSimulator
		{0605DF61-5EB1-4CDB-AD4B-9F21C7C51130}.Release|x64.ActiveCfg = Release|iPhone
		{0605DF61-5EB1-4CDB-AD4B-9F21C7C51130}.Release|x86.ActiveCfg = Release|iPhone
		{4D43F515-19A1-4132-9360-96EA3607374F}.Ad-Hoc|Any CPU.ActiveCfg = Release|Any CPU
		{4D43F515-19A1-4132-9360-96EA3607374F}.Ad-Hoc|Any CPU.Build.0 = Release|Any CPU
		{4D43F515-19A1-4132-9360-96EA3607374F}.Ad-Hoc|Any CPU.Deploy.0 = Release|Any CPU
		{4D43F515-19A1-4132-9360-96EA3607374F}.Ad-Hoc|ARM.ActiveCfg = Release|Any CPU
		{4D43F515-19A1-4132-9360-96EA3607374F}.Ad-Hoc|ARM.Build.0 = Release|Any CPU
		{4D43F515-19A1-4132-9360-96EA3607374F}.Ad-Hoc|ARM.Deploy.0 = Release|Any CPU
		{4D43F515-19A1-4132-9360-96EA3607374F}.Ad-Hoc|iPhone.ActiveCfg = Release|Any CPU
		{4D43F515-19A1-4132-9360-96EA3607374F}.Ad-Hoc|iPhone.Build.0 = Release|Any CPU
		{4D43F515-19A1-4132-9360-96EA3607374F}.Ad-Hoc|iPhone.Deploy.0 = Release|Any CPU
		{4D43F515-19A1-4132-9360-96EA3607374F}.Ad-Hoc|iPhoneSimulator.ActiveCfg = Release|Any CPU
		{4D43F515-19A1-4132-9360-96EA3607374F}.Ad-Hoc|iPhoneSimulator.Build.0 = Release|Any CPU
		{4D43F515-19A1-4132-9360-96EA3607374F}.Ad-Hoc|iPhoneSimulator.Deploy.0 = Release|Any CPU
		{4D43F515-19A1-4132-9360-96EA3607374F}.Ad-Hoc|x64.ActiveCfg = Release|Any CPU
		{4D43F515-19A1-4132-9360-96EA3607374F}.Ad-Hoc|x64.Build.0 = Release|Any CPU
		{4D43F515-19A1-4132-9360-96EA3607374F}.Ad-Hoc|x64.Deploy.0 = Release|Any CPU
		{4D43F515-19A1-4132-9360-96EA3607374F}.Ad-Hoc|x86.ActiveCfg = Release|Any CPU
		{4D43F515-19A1-4132-9360-96EA3607374F}.Ad-Hoc|x86.Build.0 = Release|Any CPU
		{4D43F515-19A1-4132-9360-96EA3607374F}.Ad-Hoc|x86.Deploy.0 = Release|Any CPU
		{4D43F515-19A1-4132-9360-96EA3607374F}.AppStore|Any CPU.ActiveCfg = Release|Any CPU
		{4D43F515-19A1-4132-9360-96EA3607374F}.AppStore|Any CPU.Build.0 = Release|Any CPU
		{4D43F515-19A1-4132-9360-96EA3607374F}.AppStore|Any CPU.Deploy.0 = Release|Any CPU
		{4D43F515-19A1-4132-9360-96EA3607374F}.AppStore|ARM.ActiveCfg = Release|Any CPU
		{4D43F515-19A1-4132-9360-96EA3607374F}.AppStore|ARM.Build.0 = Release|Any CPU
		{4D43F515-19A1-4132-9360-96EA3607374F}.AppStore|ARM.Deploy.0 = Release|Any CPU
		{4D43F515-19A1-4132-9360-96EA3607374F}.AppStore|iPhone.ActiveCfg = Release|Any CPU
		{4D43F515-19A1-4132-9360-96EA3607374F}.AppStore|iPhone.Build.0 = Release|Any CPU
		{4D43F515-19A1-4132-9360-96EA3607374F}.AppStore|iPhone.Deploy.0 = Release|Any CPU
		{4D43F515-19A1-4132-9360-96EA3607374F}.AppStore|iPhoneSimulator.ActiveCfg = Release|Any CPU
		{4D43F515-19A1-4132-9360-96EA3607374F}.AppStore|iPhoneSimulator.Build.0 = Release|Any CPU
		{4D43F515-19A1-4132-9360-96EA3607374F}.AppStore|iPhoneSimulator.Deploy.0 = Release|Any CPU
		{4D43F515-19A1-4132-9360-96EA3607374F}.AppStore|x64.ActiveCfg = Release|Any CPU
		{4D43F515-19A1-4132-9360-96EA3607374F}.AppStore|x64.Build.0 = Release|Any CPU
		{4D43F515-19A1-4132-9360-96EA3607374F}.AppStore|x64.Deploy.0 = Release|Any CPU
		{4D43F515-19A1-4132-9360-96EA3607374F}.AppStore|x86.ActiveCfg = Release|Any CPU
		{4D43F515-19A1-4132-9360-96EA3607374F}.AppStore|x86.Build.0 = Release|Any CPU
		{4D43F515-19A1-4132-9360-96EA3607374F}.AppStore|x86.Deploy.0 = Release|Any CPU
		{4D43F515-19A1-4132-9360-96EA3607374F}.Debug|Any CPU.ActiveCfg = Debug|Any CPU
		{4D43F515-19A1-4132-9360-96EA3607374F}.Debug|Any CPU.Build.0 = Debug|Any CPU
		{4D43F515-19A1-4132-9360-96EA3607374F}.Debug|Any CPU.Deploy.0 = Debug|Any CPU
		{4D43F515-19A1-4132-9360-96EA3607374F}.Debug|ARM.ActiveCfg = Debug|Any CPU
		{4D43F515-19A1-4132-9360-96EA3607374F}.Debug|ARM.Build.0 = Debug|Any CPU
		{4D43F515-19A1-4132-9360-96EA3607374F}.Debug|ARM.Deploy.0 = Debug|Any CPU
		{4D43F515-19A1-4132-9360-96EA3607374F}.Debug|iPhone.ActiveCfg = Debug|Any CPU
		{4D43F515-19A1-4132-9360-96EA3607374F}.Debug|iPhone.Build.0 = Debug|Any CPU
		{4D43F515-19A1-4132-9360-96EA3607374F}.Debug|iPhone.Deploy.0 = Debug|Any CPU
		{4D43F515-19A1-4132-9360-96EA3607374F}.Debug|iPhoneSimulator.ActiveCfg = Debug|Any CPU
		{4D43F515-19A1-4132-9360-96EA3607374F}.Debug|iPhoneSimulator.Build.0 = Debug|Any CPU
		{4D43F515-19A1-4132-9360-96EA3607374F}.Debug|iPhoneSimulator.Deploy.0 = Debug|Any CPU
		{4D43F515-19A1-4132-9360-96EA3607374F}.Debug|x64.ActiveCfg = Debug|Any CPU
		{4D43F515-19A1-4132-9360-96EA3607374F}.Debug|x64.Build.0 = Debug|Any CPU
		{4D43F515-19A1-4132-9360-96EA3607374F}.Debug|x64.Deploy.0 = Debug|Any CPU
		{4D43F515-19A1-4132-9360-96EA3607374F}.Debug|x86.ActiveCfg = Debug|Any CPU
		{4D43F515-19A1-4132-9360-96EA3607374F}.Debug|x86.Build.0 = Debug|Any CPU
		{4D43F515-19A1-4132-9360-96EA3607374F}.Debug|x86.Deploy.0 = Debug|Any CPU
		{4D43F515-19A1-4132-9360-96EA3607374F}.Release|Any CPU.ActiveCfg = Release|Any CPU
		{4D43F515-19A1-4132-9360-96EA3607374F}.Release|Any CPU.Build.0 = Release|Any CPU
		{4D43F515-19A1-4132-9360-96EA3607374F}.Release|Any CPU.Deploy.0 = Release|Any CPU
		{4D43F515-19A1-4132-9360-96EA3607374F}.Release|ARM.ActiveCfg = Release|Any CPU
		{4D43F515-19A1-4132-9360-96EA3607374F}.Release|ARM.Build.0 = Release|Any CPU
		{4D43F515-19A1-4132-9360-96EA3607374F}.Release|ARM.Deploy.0 = Release|Any CPU
		{4D43F515-19A1-4132-9360-96EA3607374F}.Release|iPhone.ActiveCfg = Release|Any CPU
		{4D43F515-19A1-4132-9360-96EA3607374F}.Release|iPhone.Build.0 = Release|Any CPU
		{4D43F515-19A1-4132-9360-96EA3607374F}.Release|iPhone.Deploy.0 = Release|Any CPU
		{4D43F515-19A1-4132-9360-96EA3607374F}.Release|iPhoneSimulator.ActiveCfg = Release|Any CPU
		{4D43F515-19A1-4132-9360-96EA3607374F}.Release|iPhoneSimulator.Build.0 = Release|Any CPU
		{4D43F515-19A1-4132-9360-96EA3607374F}.Release|iPhoneSimulator.Deploy.0 = Release|Any CPU
		{4D43F515-19A1-4132-9360-96EA3607374F}.Release|x64.ActiveCfg = Release|Any CPU
		{4D43F515-19A1-4132-9360-96EA3607374F}.Release|x64.Build.0 = Release|Any CPU
		{4D43F515-19A1-4132-9360-96EA3607374F}.Release|x64.Deploy.0 = Release|Any CPU
		{4D43F515-19A1-4132-9360-96EA3607374F}.Release|x86.ActiveCfg = Release|Any CPU
		{4D43F515-19A1-4132-9360-96EA3607374F}.Release|x86.Build.0 = Release|Any CPU
		{4D43F515-19A1-4132-9360-96EA3607374F}.Release|x86.Deploy.0 = Release|Any CPU
	EndGlobalSection
	GlobalSection(SolutionProperties) = preSolution
		HideSolutionNode = FALSE
	EndGlobalSection
EndGlobal
